
Microsoft Visual Studio Solution File, Format Version 12.00
# Visual Studio Version 16
VisualStudioVersion = 16.0.31321.278
MinimumVisualStudioVersion = 10.0.40219.1
Project("{8BC9CEB8-8B4A-11D0-8D11-00A0C91BC942}") = "Figuras", "Figuras.vcxproj", "{39A58EC1-492A-4F73-B0DA-6D56EB3B1FF7}"
EndProject
Global
	GlobalSection(SolutionConfigurationPlatforms) = preSolution
		Debug|x64 = Debug|x64
		Debug|x86 = Debug|x86
		Release|x64 = Release|x64
		Release|x86 = Release|x86
	EndGlobalSection
	GlobalSection(ProjectConfigurationPlatforms) = postSolution
		{39A58EC1-492A-4F73-B0DA-6D56EB3B1FF7}.Debug|x64.ActiveCfg = Debug|x64
		{39A58EC1-492A-4F73-B0DA-6D56EB3B1FF7}.Debug|x64.Build.0 = Debug|x64
		{39A58EC1-492A-4F73-B0DA-6D56EB3B1FF7}.Debug|x86.ActiveCfg = Debug|Win32
		{39A58EC1-492A-4F73-B0DA-6D56EB3B1FF7}.Debug|x86.Build.0 = Debug|Win32
		{39A58EC1-492A-4F73-B0DA-6D56EB3B1FF7}.Release|x64.ActiveCfg = Release|x64
		{39A58EC1-492A-4F73-B0DA-6D56EB3B1FF7}.Release|x64.Build.0 = Release|x64
		{39A58EC1-492A-4F73-B0DA-6D56EB3B1FF7}.Release|x86.ActiveCfg = Release|Win32
		{39A58EC1-492A-4F73-B0DA-6D56EB3B1FF7}.Release|x86.Build.0 = Release|Win32
	EndGlobalSection
	GlobalSection(SolutionProperties) = preSolution
		HideSolutionNode = FALSE
	EndGlobalSection
	GlobalSection(ExtensibilityGlobals) = postSolution
		SolutionGuid = {FA5C47BE-008B-4737-A4BA-8DEF823A0824}
	EndGlobalSection
EndGlobal
